// !$*UTF8*$!
{
	archiveVersion = 1;
	classes = {
	};
	objectVersion = 77;
	objects = {

/* Begin PBXBuildFile section */
		519C1B9D2FE5F5CD00F47FBC /* Auth in Frameworks */ = {isa = PBXBuildFile; productRef = 519C1B9C2FE5F5CD00F47FBC /* Auth */; };
		519C1B9F2FE5F5CD00F47FBC /* Functions in Frameworks */ = {isa = PBXBuildFile; productRef = 519C1B9E2FE5F5CD00F47FBC /* Functions */; };
		519C1BA12FE5F5CD00F47FBC /* PostgREST in Frameworks */ = {isa = PBXBuildFile; productRef = 519C1BA02FE5F5CD00F47FBC /* PostgREST */; };
		519C1BA32FE5F5CD00F47FBC /* Realtime in Frameworks */ = {isa = PBXBuildFile; productRef = 519C1BA22FE5F5CD00F47FBC /* Realtime */; };
		519C1BA52FE5F5CD00F47FBC /* Storage in Frameworks */ = {isa = PBXBuildFile; productRef = 519C1BA42FE5F5CD00F47FBC /* Storage */; };
		519C1BA82FE60CC500F47FBC /* GoogleSignIn in Frameworks */ = {isa = PBXBuildFile; productRef = 519C1BA72FE60CC500F47FBC /* GoogleSignIn */; };
		519C1BAA2FE60CC500F47FBC /* GoogleSignInSwift in Frameworks */ = {isa = PBXBuildFile; productRef = 519C1BA92FE60CC500F47FBC /* GoogleSignInSwift */; };
		519C1BAC2FE60E9600F47FBC /* Supabase in Frameworks */ = {isa = PBXBuildFile; productRef = 519C1BAB2FE60E9600F47FBC /* Supabase */; };
/* End PBXBuildFile section */

/* Begin PBXFileReference section */
		519C1B8D2FE4897100F47FBC /* FBCVRTickets.app */ = {isa = PBXFileReference; explicitFileType = wrapper.application; includeInIndex = 0; path = FBCVRTickets.app; sourceTree = BUILT_PRODUCTS_DIR; };
/* End PBXFileReference section */

/* Begin PBXFileSystemSynchronizedRootGroup section */
		519C1B8F2FE4897100F47FBC /* FBCVRTickets */ = {
			isa = PBXFileSystemSynchronizedRootGroup;
			path = FBCVRTickets;
			sourceTree = "<group>";
		};
/* End PBXFileSystemSynchronizedRootGroup section */

/* Begin PBXFrameworksBuildPhase section */
		519C1B8A2FE4897100F47FBC /* Frameworks */ = {
			isa = PBXFrameworksBuildPhase;
			buildActionMask = 2147483647;
			files = (
				519C1BA12FE5F5CD00F47FBC /* PostgREST in Frameworks */,
				519C1B9F2FE5F5CD00F47FBC /* Functions in Frameworks */,
				519C1BAA2FE60CC500F47FBC /* GoogleSignInSwift in Frameworks */,
				519C1B9D2FE5F5CD00F47FBC /* Auth in Frameworks */,
				519C1BAC2FE60E9600F47FBC /* Supabase in Frameworks */,
				519C1BA52FE5F5CD00F47FBC /* Storage in Frameworks */,
				519C1BA32FE5F5CD00F47FBC /* Realtime in Frameworks */,
				519C1BA82FE60CC500F47FBC /* GoogleSignIn in Frameworks */,
			);
			runOnlyForDeploymentPostprocessing = 0;
		};
/* End PBXFrameworksBuildPhase section */

/* Begin PBXGroup section */
		519C1B842FE4897100F47FBC = {
			isa = PBXGroup;
			children = (
				519C1B8F2FE4897100F47FBC /* FBCVRTickets */,
				519C1B8E2FE4897100F47FBC /* Products */,
			);
			sourceTree = "<group>";
		};
		519C1B8E2FE4897100F47FBC /* Products */ = {
			isa = PBXGroup;
			children = (
				519C1B8D2FE4897100F47FBC /* FBCVRTickets.app */,
			);
			name = Products;
			sourceTree = "<group>";
		};
/* End PBXGroup section */

/* Begin PBXNativeTarget section */
		519C1B8C2FE4897100F47FBC /* FBCVRTickets */ = {
			isa = PBXNativeTarget;
			buildConfigurationList = 519C1B982FE4897100F47FBC /* Build configuration list for PBXNativeTarget "FBCVRTickets" */;
			buildPhases = (
				519C1B892FE4897100F47FBC /* Sources */,
				519C1B8A2FE4897100F47FBC /* Frameworks */,
				519C1B8B2FE4897100F47FBC /* Resources */,
			);
			buildRules = (
			);
			dependencies = (
			);
			fileSystemSynchronizedGroups = (
				519C1B8F2FE4897100F47FBC /* FBCVRTickets */,
			);
			name = FBCVRTickets;
			packageProductDependencies = (
				519C1B9C2FE5F5CD00F47FBC /* Auth */,
				519C1B9E2FE5F5CD00F47FBC /* Functions */,
				519C1BA02FE5F5CD00F47FBC /* PostgREST */,
				519C1BA22FE5F5CD00F47FBC /* Realtime */,
				519C1BA42FE5F5CD00F47FBC /* Storage */,
				519C1BA72FE60CC500F47FBC /* GoogleSignIn */,
				519C1BA92FE60CC500F47FBC /* GoogleSignInSwift */,
				519C1BAB2FE60E9600F47FBC /* Supabase */,
			);
			productName = FBCVRTickets;
			productReference = 519C1B8D2FE4897100F47FBC /* FBCVRTickets.app */;
			productType = "com.apple.product-type.application";
		};
/* End PBXNativeTarget section */

/* Begin PBXProject section */
		519C1B852FE4897100F47FBC /* Project object */ = {
			isa = PBXProject;
			attributes = {
				BuildIndependentTargetsInParallel = 1;
				LastSwiftUpdateCheck = 1640;
				LastUpgradeCheck = 2650;
				TargetAttributes = {
					519C1B8C2FE4897100F47FBC = {
						CreatedOnToolsVersion = 16.4;
					};
				};
			};
			buildConfigurationList = 519C1B882FE4897100F47FBC /* Build configuration list for PBXProject "FBCVRTickets" */;
			developmentRegion = en;
			hasScannedForEncodings = 0;
			knownRegions = (
				en,
				Base,
			);
			mainGroup = 519C1B842FE4897100F47FBC;
			minimizedProjectReferenceProxies = 1;
			packageReferences = (
				519C1B9B2FE5F5CD00F47FBC /* XCRemoteSwiftPackageReference "supabase-swift" */,
				519C1BA62FE60CC500F47FBC /* XCRemoteSwiftPackageReference "GoogleSignIn-iOS" */,
			);
			preferredProjectObjectVersion = 77;
			productRefGroup = 519C1B8E2FE4897100F47FBC /* Products */;
			projectDirPath = "";
			projectRoot = "";
			targets = (
				519C1B8C2FE4897100F47FBC /* FBCVRTickets */,
			);
		};
/* End PBXProject section */

/* Begin PBXResourcesBuildPhase section */
		519C1B8B2FE4897100F47FBC /* Resources */ = {
			isa = PBXResourcesBuildPhase;
			buildActionMask = 2147483647;
			files = (
			);
			runOnlyForDeploymentPostprocessing = 0;
		};
/* End PBXResourcesBuildPhase section */

/* Begin PBXSourcesBuildPhase section */
		519C1B892FE4897100F47FBC /* Sources */ = {
			isa = PBXSourcesBuildPhase;
			buildActionMask = 2147483647;
			files = (
			);
			runOnlyForDeploymentPostprocessing = 0;
		};
/* End PBXSourcesBuildPhase section */

/* Begin XCBuildConfiguration section */
		519C1B962FE4897100F47FBC /* Debug */ = {
			isa = XCBuildConfiguration;
			buildSettings = {
				ALWAYS_SEARCH_USER_PATHS = NO;
				ASSETCATALOG_COMPILER_GENERATE_SWIFT_ASSET_SYMBOL_EXTENSIONS = YES;
				CLANG_ANALYZER_NONNULL = YES;
				CLANG_ANALYZER_NUMBER_OBJECT_CONVERSION = YES_AGGRESSIVE;
				CLANG_CXX_LANGUAGE_STANDARD = "gnu++20";
				CLANG_ENABLE_MODULES = YES;
				CLANG_ENABLE_OBJC_ARC = YES;
				CLANG_ENABLE_OBJC_WEAK = YES;
				CLANG_WARN_BLOCK_CAPTURE_AUTORELEASING = YES;
				CLANG_WARN_BOOL_CONVERSION = YES;
				CLANG_WARN_COMMA = YES;
				CLANG_WARN_CONSTANT_CONVERSION = YES;
				CLANG_WARN_DEPRECATED_OBJC_IMPLEMENTATIONS = YES;
				CLANG_WARN_DIRECT_OBJC_ISA_USAGE = YES_ERROR;
				CLANG_WARN_DOCUMENTATION_COMMENTS = YES;
				CLANG_WARN_EMPTY_BODY = YES;
				CLANG_WARN_ENUM_CONVERSION = YES;
				CLANG_WARN_INFINITE_RECURSION = YES;
				CLANG_WARN_INT_CONVERSION = YES;
				CLANG_WARN_NON_LITERAL_NULL_CONVERSION = YES;
				CLANG_WARN_OBJC_IMPLICIT_RETAIN_SELF = YES;
				CLANG_WARN_OBJC_LITERAL_CONVERSION = YES;
				CLANG_WARN_OBJC_ROOT_CLASS = YES_ERROR;
				CLANG_WARN_QUOTED_INCLUDE_IN_FRAMEWORK_HEADER = YES;
				CLANG_WARN_RANGE_LOOP_ANALYSIS = YES;
				CLANG_WARN_STRICT_PROTOTYPES = YES;
				CLANG_WARN_SUSPICIOUS_MOVE = YES;
				CLANG_WARN_UNGUARDED_AVAILABILITY = YES_AGGRESSIVE;
				CLANG_WARN_UNREACHABLE_CODE = YES;
				CLANG_WARN__DUPLICATE_METHOD_MATCH = YES;
				COPY_PHASE_STRIP = NO;
				DEBUG_INFORMATION_FORMAT = dwarf;
				DEVELOPMENT_TEAM = 245U359959;
				ENABLE_STRICT_OBJC_MSGSEND = YES;
				ENABLE_TESTABILITY = YES;
				ENABLE_USER_SCRIPT_SANDBOXING = YES;
				GCC_C_LANGUAGE_STANDARD = gnu17;
				GCC_DYNAMIC_NO_PIC = NO;
				GCC_NO_COMMON_BLOCKS = YES;
				GCC_OPTIMIZATION_LEVEL = 0;
				GCC_PREPROCESSOR_DEFINITIONS = (
					"DEBUG=1",
					"$(inherited)",
				);
				GCC_WARN_64_TO_32_BIT_CONVERSION = YES;
				GCC_WARN_ABOUT_RETURN_TYPE = YES_ERROR;
				GCC_WARN_UNDECLARED_SELECTOR = YES;
				GCC_WARN_UNINITIALIZED_AUTOS = YES_AGGRESSIVE;
				GCC_WARN_UNUSED_FUNCTION = YES;
				GCC_WARN_UNUSED_VARIABLE = YES;
				IPHONEOS_DEPLOYMENT_TARGET = 18.5;
				LOCALIZATION_PREFERS_STRING_CATALOGS = YES;
				MTL_ENABLE_DEBUG_INFO = INCLUDE_SOURCE;
				MTL_FAST_MATH = YES;
				ONLY_ACTIVE_ARCH = YES;
				SDKROOT = iphoneos;
				STRING_CATALOG_GENERATE_SYMBOLS = YES;
				SWIFT_ACTIVE_COMPILATION_CONDITIONS = "DEBUG $(inherited)";
				SWIFT_OPTIMIZATION_LEVEL = "-Onone";
			};
			name = Debug;
		};
		519C1B972FE4897100F47FBC /* Release */ = {
			isa = XCBuildConfiguration;
			buildSettings = {
				ALWAYS_SEARCH_USER_PATHS = NO;
				ASSETCATALOG_COMPILER_GENERATE_SWIFT_ASSET_SYMBOL_EXTENSIONS = YES;
				CLANG_ANALYZER_NONNULL = YES;
				CLANG_ANALYZER_NUMBER_OBJECT_CONVERSION = YES_AGGRESSIVE;
				CLANG_CXX_LANGUAGE_STANDARD = "gnu++20";
				CLANG_ENABLE_MODULES = YES;
				CLANG_ENABLE_OBJC_ARC = YES;
				CLANG_ENABLE_OBJC_WEAK = YES;
				CLANG_WARN_BLOCK_CAPTURE_AUTORELEASING = YES;
				CLANG_WARN_BOOL_CONVERSION = YES;
				CLANG_WARN_COMMA = YES;
				CLANG_WARN_CONSTANT_CONVERSION = YES;
				CLANG_WARN_DEPRECATED_OBJC_IMPLEMENTATIONS = YES;
				CLANG_WARN_DIRECT_OBJC_ISA_USAGE = YES_ERROR;
				CLANG_WARN_DOCUMENTATION_COMMENTS = YES;
				CLANG_WARN_EMPTY_BODY = YES;
				CLANG_WARN_ENUM_CONVERSION = YES;
				CLANG_WARN_INFINITE_RECURSION = YES;
				CLANG_WARN_INT_CONVERSION = YES;
				CLANG_WARN_NON_LITERAL_NULL_CONVERSION = YES;
				CLANG_WARN_OBJC_IMPLICIT_RETAIN_SELF = YES;
				CLANG_WARN_OBJC_LITERAL_CONVERSION = YES;
				CLANG_WARN_OBJC_ROOT_CLASS = YES_ERROR;
				CLANG_WARN_QUOTED_INCLUDE_IN_FRAMEWORK_HEADER = YES;
				CLANG_WARN_RANGE_LOOP_ANALYSIS = YES;
				CLANG_WARN_STRICT_PROTOTYPES = YES;
				CLANG_WARN_SUSPICIOUS_MOVE = YES;
				CLANG_WARN_UNGUARDED_AVAILABILITY = YES_AGGRESSIVE;
				CLANG_WARN_UNREACHABLE_CODE = YES;
				CLANG_WARN__DUPLICATE_METHOD_MATCH = YES;
				COPY_PHASE_STRIP = NO;
				DEBUG_INFORMATION_FORMAT = "dwarf-with-dsym";
				DEVELOPMENT_TEAM = 245U359959;
				ENABLE_NS_ASSERTIONS = NO;
				ENABLE_STRICT_OBJC_MSGSEND = YES;
				ENABLE_USER_SCRIPT_SANDBOXING = YES;
				GCC_C_LANGUAGE_STANDARD = gnu17;
				GCC_NO_COMMON_BLOCKS = YES;
				GCC_WARN_64_TO_32_BIT_CONVERSION = YES;
				GCC_WARN_ABOUT_RETURN_TYPE = YES_ERROR;
				GCC_WARN_UNDECLARED_SELECTOR = YES;
				GCC_WARN_UNINITIALIZED_AUTOS = YES_AGGRESSIVE;
				GCC_WARN_UNUSED_FUNCTION = YES;
				GCC_WARN_UNUSED_VARIABLE = YES;
				IPHONEOS_DEPLOYMENT_TARGET = 18.5;
				LOCALIZATION_PREFERS_STRING_CATALOGS = YES;
				MTL_ENABLE_DEBUG_INFO = NO;
				MTL_FAST_MATH = YES;
				SDKROOT = iphoneos;
				STRING_CATALOG_GENERATE_SYMBOLS = YES;
				SWIFT_COMPILATION_MODE = wholemodule;
				VALIDATE_PRODUCT = YES;
			};
			name = Release;
		};
		519C1B992FE4897100F47FBC /* Debug */ = {
			isa = XCBuildConfiguration;
			buildSettings = {
				ASSETCATALOG_COMPILER_APPICON_NAME = AppIcon;
				ASSETCATALOG_COMPILER_GLOBAL_ACCENT_COLOR_NAME = AccentColor;
				CODE_SIGN_ENTITLEMENTS = FBCVRTickets/FBCVRTickets.entitlements;
				CODE_SIGN_STYLE = Automatic;
				CURRENT_PROJECT_VERSION = 1;
				DEVELOPMENT_TEAM = 245U359959;
				ENABLE_PREVIEWS = YES;
				GENERATE_INFOPLIST_FILE = YES;
				INFOPLIST_FILE = Info.plist;
				INFOPLIST_KEY_CFBundleDisplayName = SupaSupport;
				INFOPLIST_KEY_LSApplicationCategoryType = "public.app-category.business";
				INFOPLIST_KEY_NSCameraUsageDescription = "Scan organization QR codes to connect to your Supabase project.";
				INFOPLIST_KEY_NSPhotoLibraryUsageDescription = "Attach photos or videos to your support tickets.";
				INFOPLIST_KEY_UIApplicationSceneManifest_Generation = YES;
				INFOPLIST_KEY_UIApplicationSupportsIndirectInputEvents = YES;
				INFOPLIST_KEY_UIBackgroundModes = "remote-notification";
				INFOPLIST_KEY_UILaunchScreen_Generation = YES;
				INFOPLIST_KEY_UISupportedInterfaceOrientations_iPhone = "UIInterfaceOrientationPortrait UIInterfaceOrientationLandscapeLeft UIInterfaceOrientationLandscapeRight";
				IPHONEOS_DEPLOYMENT_TARGET = 17.0;
				LD_RUNPATH_SEARCH_PATHS = (
					"$(inherited)",
					"@executable_path/Frameworks",
				);
				MARKETING_VERSION = 1.0;
				PRODUCT_BUNDLE_IDENTIFIER = com.onetalentproductions.SupaSupport;
				PRODUCT_NAME = "$(TARGET_NAME)";
				SWIFT_EMIT_LOC_STRINGS = YES;
				SWIFT_VERSION = 5.0;
				TARGETED_DEVICE_FAMILY = 1;
			};
			name = Debug;
		};
		519C1B9A2FE4897100F47FBC /* Release */ = {
			isa = XCBuildConfiguration;
			buildSettings = {
				ASSETCATALOG_COMPILER_APPICON_NAME = AppIcon;
				ASSETCATALOG_COMPILER_GLOBAL_ACCENT_COLOR_NAME = AccentColor;
				CODE_SIGN_ENTITLEMENTS = FBCVRTickets/FBCVRTickets.entitlements;
				CODE_SIGN_STYLE = Automatic;
				CURRENT_PROJECT_VERSION = 1;
				DEVELOPMENT_TEAM = 245U359959;
				ENABLE_PREVIEWS = YES;
				GENERATE_INFOPLIST_FILE = YES;
				INFOPLIST_FILE = Info.plist;
				INFOPLIST_KEY_CFBundleDisplayName = SupaSupport;
				INFOPLIST_KEY_LSApplicationCategoryType = "public.app-category.business";
				INFOPLIST_KEY_NSCameraUsageDescription = "Scan organization QR codes to connect to your Supabase project.";
				INFOPLIST_KEY_NSPhotoLibraryUsageDescription = "Attach photos or videos to your support tickets.";
				INFOPLIST_KEY_UIApplicationSceneManifest_Generation = YES;
				INFOPLIST_KEY_UIApplicationSupportsIndirectInputEvents = YES;
				INFOPLIST_KEY_UIBackgroundModes = "remote-notification";
				INFOPLIST_KEY_UILaunchScreen_Generation = YES;
				INFOPLIST_KEY_UISupportedInterfaceOrientations_iPhone = "UIInterfaceOrientationPortrait UIInterfaceOrientationLandscapeLeft UIInterfaceOrientationLandscapeRight";
				IPHONEOS_DEPLOYMENT_TARGET = 17.0;
				LD_RUNPATH_SEARCH_PATHS = (
					"$(inherited)",
					"@executable_path/Frameworks",
				);
				MARKETING_VERSION = 1.0;
				PRODUCT_BUNDLE_IDENTIFIER = com.onetalentproductions.SupaSupport;
				PRODUCT_NAME = "$(TARGET_NAME)";
				SWIFT_EMIT_LOC_STRINGS = YES;
				SWIFT_VERSION = 5.0;
				TARGETED_DEVICE_FAMILY = 1;
			};
			name = Release;
		};
/* End XCBuildConfiguration section */

/* Begin XCConfigurationList section */
		519C1B882FE4897100F47FBC /* Build configuration list for PBXProject "FBCVRTickets" */ = {
			isa = XCConfigurationList;
			buildConfigurations = (
				519C1B962FE4897100F47FBC /* Debug */,
				519C1B972FE4897100F47FBC /* Release */,
			);
			defaultConfigurationIsVisible = 0;
			defaultConfigurationName = Release;
		};
		519C1B982FE4897100F47FBC /* Build configuration list for PBXNativeTarget "FBCVRTickets" */ = {
			isa = XCConfigurationList;
			buildConfigurations = (
				519C1B992FE4897100F47FBC /* Debug */,
				519C1B9A2FE4897100F47FBC /* Release */,
			);
			defaultConfigurationIsVisible = 0;
			defaultConfigurationName = Release;
		};
/* End XCConfigurationList section */

/* Begin XCRemoteSwiftPackageReference section */
		519C1B9B2FE5F5CD00F47FBC /* XCRemoteSwiftPackageReference "supabase-swift" */ = {
			isa = XCRemoteSwiftPackageReference;
			repositoryURL = "https://github.com/supabase/supabase-swift.git";
			requirement = {
				kind = upToNextMajorVersion;
				minimumVersion = 2.5.1;
			};
		};
		519C1BA62FE60CC500F47FBC /* XCRemoteSwiftPackageReference "GoogleSignIn-iOS" */ = {
			isa = XCRemoteSwiftPackageReference;
			repositoryURL = "https://github.com/google/GoogleSignIn-iOS/";
			requirement = {
				kind = upToNextMajorVersion;
				minimumVersion = 9.2.0;
			};
		};
/* End XCRemoteSwiftPackageReference section */

/* Begin XCSwiftPackageProductDependency section */
		519C1B9C2FE5F5CD00F47FBC /* Auth */ = {
			isa = XCSwiftPackageProductDependency;
			package = 519C1B9B2FE5F5CD00F47FBC /* XCRemoteSwiftPackageReference "supabase-swift" */;
			productName = Auth;
		};
		519C1B9E2FE5F5CD00F47FBC /* Functions */ = {
			isa = XCSwiftPackageProductDependency;
			package = 519C1B9B2FE5F5CD00F47FBC /* XCRemoteSwiftPackageReference "supabase-swift" */;
			productName = Functions;
		};
		519C1BA02FE5F5CD00F47FBC /* PostgREST */ = {
			isa = XCSwiftPackageProductDependency;
			package = 519C1B9B2FE5F5CD00F47FBC /* XCRemoteSwiftPackageReference "supabase-swift" */;
			productName = PostgREST;
		};
		519C1BA22FE5F5CD00F47FBC /* Realtime */ = {
			isa = XCSwiftPackageProductDependency;
			package = 519C1B9B2FE5F5CD00F47FBC /* XCRemoteSwiftPackageReference "supabase-swift" */;
			productName = Realtime;
		};
		519C1BA42FE5F5CD00F47FBC /* Storage */ = {
			isa = XCSwiftPackageProductDependency;
			package = 519C1B9B2FE5F5CD00F47FBC /* XCRemoteSwiftPackageReference "supabase-swift" */;
			productName = Storage;
		};
		519C1BA72FE60CC500F47FBC /* GoogleSignIn */ = {
			isa = XCSwiftPackageProductDependency;
			package = 519C1BA62FE60CC500F47FBC /* XCRemoteSwiftPackageReference "GoogleSignIn-iOS" */;
			productName = GoogleSignIn;
		};
		519C1BA92FE60CC500F47FBC /* GoogleSignInSwift */ = {
			isa = XCSwiftPackageProductDependency;
			package = 519C1BA62FE60CC500F47FBC /* XCRemoteSwiftPackageReference "GoogleSignIn-iOS" */;
			productName = GoogleSignInSwift;
		};
		519C1BAB2FE60E9600F47FBC /* Supabase */ = {
			isa = XCSwiftPackageProductDependency;
			package = 519C1B9B2FE5F5CD00F47FBC /* XCRemoteSwiftPackageReference "supabase-swift" */;
			productName = Supabase;
		};
/* End XCSwiftPackageProductDependency section */
	};
	rootObject = 519C1B852FE4897100F47FBC /* Project object */;
}
